
Microsoft Visual Studio Solution File, Format Version 12.00
# Visual Studio Version 17
VisualStudioVersion = 17.13.35913.81 d17.13
MinimumVisualStudioVersion = 10.0.40219.1
Project("{FAE04EC0-301F-11D3-BF4B-00C04F79EFBC}") = "OurProject1", "OurProject1.csproj", "{272F0EAE-B35F-42FD-ACA3-2C2D4B7E1BE9}"
EndProject
Global
	GlobalSection(SolutionConfigurationPlatforms) = preSolution
		Debug|Any CPU = Debug|Any CPU
		Release|Any CPU = Release|Any CPU
	EndGlobalSection
	GlobalSection(ProjectConfigurationPlatforms) = postSolution
		{272F0EAE-B35F-42FD-ACA3-2C2D4B7E1BE9}.Debug|Any CPU.ActiveCfg = Debug|Any CPU
		{272F0EAE-B35F-42FD-ACA3-2C2D4B7E1BE9}.Debug|Any CPU.Build.0 = Debug|Any CPU
		{272F0EAE-B35F-42FD-ACA3-2C2D4B7E1BE9}.Release|Any CPU.ActiveCfg = Release|Any CPU
		{272F0EAE-B35F-42FD-ACA3-2C2D4B7E1BE9}.Release|Any CPU.Build.0 = Release|Any CPU
	EndGlobalSection
	GlobalSection(SolutionProperties) = preSolution
		HideSolutionNode = FALSE
	EndGlobalSection
	GlobalSection(ExtensibilityGlobals) = postSolution
		SolutionGuid = {198436AF-BEC8-48C2-A3E9-2AFBBA2D1D21}
	EndGlobalSection
EndGlobal
